// !$*UTF8*$!
{
	archiveVersion = 1;
	classes = {
	};
	objectVersion = 55;
	objects = {

/* Begin PBXBuildFile section */
		320B334928D632C100BA48D7 /* URLBuilder.swift in Sources */ = {isa = PBXBuildFile; fileRef = 320B334528D632C100BA48D7 /* URLBuilder.swift */; };
		320B334A28D632C100BA48D7 /* Local Errors.swift in Sources */ = {isa = PBXBuildFile; fileRef = 320B334628D632C100BA48D7 /* Local Errors.swift */; };
		320B334C28D632C100BA48D7 /* JsonParser.swift in Sources */ = {isa = PBXBuildFile; fileRef = 320B334828D632C100BA48D7 /* JsonParser.swift */; };
		320B334E28D632E100BA48D7 /* ApiService.swift in Sources */ = {isa = PBXBuildFile; fileRef = 320B334D28D632E100BA48D7 /* ApiService.swift */; };
		3212145428DE58B200007C77 /* Check Varilbles.swift in Sources */ = {isa = PBXBuildFile; fileRef = 3212145328DE58B200007C77 /* Check Varilbles.swift */; };
		3217885628DCDDD900013B65 /* QuestionViewModel.swift in Sources */ = {isa = PBXBuildFile; fileRef = 3217885528DCDDD900013B65 /* QuestionViewModel.swift */; };
		3218A06528D78BBF00943B22 /* DateConverter.swift in Sources */ = {isa = PBXBuildFile; fileRef = 3218A06428D78BBF00943B22 /* DateConverter.swift */; };
		3218A06728D792AA00943B22 /* ImageDownloader.swift in Sources */ = {isa = PBXBuildFile; fileRef = 3218A06628D792AA00943B22 /* ImageDownloader.swift */; };
		3218A06E28D7B98300943B22 /* QuestionData+CoreDataClass.swift in Sources */ = {isa = PBXBuildFile; fileRef = 3218A06C28D7B98300943B22 /* QuestionData+CoreDataClass.swift */; };
		3218A06F28D7B98300943B22 /* QuestionData+CoreDataProperties.swift in Sources */ = {isa = PBXBuildFile; fileRef = 3218A06D28D7B98300943B22 /* QuestionData+CoreDataProperties.swift */; };
		3244CE6A28DA5AED0093A1FB /* WebKitExt.swift in Sources */ = {isa = PBXBuildFile; fileRef = 3244CE6928DA5AED0093A1FB /* WebKitExt.swift */; };
		3244CE6C28DA5F980093A1FB /* UIImageViewExt.swift in Sources */ = {isa = PBXBuildFile; fileRef = 3244CE6B28DA5F980093A1FB /* UIImageViewExt.swift */; };
		3259EDD128D8FE1B007BE582 /* Listable Protocol.swift in Sources */ = {isa = PBXBuildFile; fileRef = 3259EDD028D8FE1B007BE582 /* Listable Protocol.swift */; };
		326E49D428D710BF0041E08C /* ServiceProtocol.swift in Sources */ = {isa = PBXBuildFile; fileRef = 326E49D328D710BF0041E08C /* ServiceProtocol.swift */; };
		326E49D628D714AC0041E08C /* Core Model Protocol.swift in Sources */ = {isa = PBXBuildFile; fileRef = 326E49D528D714AC0041E08C /* Core Model Protocol.swift */; };
		326E49D828D715E90041E08C /* CoreModel.swift in Sources */ = {isa = PBXBuildFile; fileRef = 326E49D728D715E90041E08C /* CoreModel.swift */; };
		326E49DA28D71E120041E08C /* ParserProtocol.swift in Sources */ = {isa = PBXBuildFile; fileRef = 326E49D928D71E120041E08C /* ParserProtocol.swift */; };
		326E49DD28D71F860041E08C /* CoreDataService.swift in Sources */ = {isa = PBXBuildFile; fileRef = 326E49DC28D71F860041E08C /* CoreDataService.swift */; };
		326E49E028D7212D0041E08C /* QuestionData.xcdatamodeld in Sources */ = {isa = PBXBuildFile; fileRef = 326E49DE28D7212D0041E08C /* QuestionData.xcdatamodeld */; };
		3285892728D39F6300711F87 /* AppDelegate.swift in Sources */ = {isa = PBXBuildFile; fileRef = 3285892628D39F6300711F87 /* AppDelegate.swift */; };
		3285892928D39F6300711F87 /* SceneDelegate.swift in Sources */ = {isa = PBXBuildFile; fileRef = 3285892828D39F6300711F87 /* SceneDelegate.swift */; };
		3285892B28D39F6300711F87 /* LaunchVC.swift in Sources */ = {isa = PBXBuildFile; fileRef = 3285892A28D39F6300711F87 /* LaunchVC.swift */; };
		3285892E28D39F6300711F87 /* Main.storyboard in Resources */ = {isa = PBXBuildFile; fileRef = 3285892C28D39F6300711F87 /* Main.storyboard */; };
		3285893028D39F6500711F87 /* Assets.xcassets in Resources */ = {isa = PBXBuildFile; fileRef = 3285892F28D39F6500711F87 /* Assets.xcassets */; };
		3285893328D39F6500711F87 /* LaunchScreen.storyboard in Resources */ = {isa = PBXBuildFile; fileRef = 3285893128D39F6500711F87 /* LaunchScreen.storyboard */; };
		3285893C28D3A00700711F87 /* QuestionListVC.swift in Sources */ = {isa = PBXBuildFile; fileRef = 3285893B28D3A00700711F87 /* QuestionListVC.swift */; };
		3285893E28D3A01600711F87 /* DetailsVC.swift in Sources */ = {isa = PBXBuildFile; fileRef = 3285893D28D3A01600711F87 /* DetailsVC.swift */; };
		3285894528D3A14F00711F87 /* Coordinator.swift in Sources */ = {isa = PBXBuildFile; fileRef = 3285894428D3A14F00711F87 /* Coordinator.swift */; };
		3285894728D3A18C00711F87 /* MainCoordinator.swift in Sources */ = {isa = PBXBuildFile; fileRef = 3285894628D3A18C00711F87 /* MainCoordinator.swift */; };
		3285894928D3A1BC00711F87 /* Stroyboarded.swift in Sources */ = {isa = PBXBuildFile; fileRef = 3285894828D3A1BC00711F87 /* Stroyboarded.swift */; };
		3285894C28D3AB5600711F87 /* QuestionListCell.swift in Sources */ = {isa = PBXBuildFile; fileRef = 3285894B28D3AB5600711F87 /* QuestionListCell.swift */; };
		32CF1C4A28D634FA00734089 /* DecodeModel.swift in Sources */ = {isa = PBXBuildFile; fileRef = 32CF1C4928D634FA00734089 /* DecodeModel.swift */; };
/* End PBXBuildFile section */

/* Begin PBXFileReference section */
		320B334528D632C100BA48D7 /* URLBuilder.swift */ = {isa = PBXFileReference; lastKnownFileType = sourcecode.swift; path = URLBuilder.swift; sourceTree = "<group>"; };
		320B334628D632C100BA48D7 /* Local Errors.swift */ = {isa = PBXFileReference; lastKnownFileType = sourcecode.swift; path = "Local Errors.swift"; sourceTree = "<group>"; };
		320B334828D632C100BA48D7 /* JsonParser.swift */ = {isa = PBXFileReference; lastKnownFileType = sourcecode.swift; path = JsonParser.swift; sourceTree = "<group>"; };
		320B334D28D632E100BA48D7 /* ApiService.swift */ = {isa = PBXFileReference; lastKnownFileType = sourcecode.swift; path = ApiService.swift; sourceTree = "<group>"; };
		3212145328DE58B200007C77 /* Check Varilbles.swift */ = {isa = PBXFileReference; lastKnownFileType = sourcecode.swift; path = "Check Varilbles.swift"; sourceTree = "<group>"; };
		3217885528DCDDD900013B65 /* QuestionViewModel.swift */ = {isa = PBXFileReference; lastKnownFileType = sourcecode.swift; name = QuestionViewModel.swift; path = StackReader/Extensions/QuestionViewModel.swift; sourceTree = SOURCE_ROOT; };
		3218A06428D78BBF00943B22 /* DateConverter.swift */ = {isa = PBXFileReference; lastKnownFileType = sourcecode.swift; path = DateConverter.swift; sourceTree = "<group>"; };
		3218A06628D792AA00943B22 /* ImageDownloader.swift */ = {isa = PBXFileReference; lastKnownFileType = sourcecode.swift; path = ImageDownloader.swift; sourceTree = "<group>"; };
		3218A06C28D7B98300943B22 /* QuestionData+CoreDataClass.swift */ = {isa = PBXFileReference; lastKnownFileType = sourcecode.swift; path = "QuestionData+CoreDataClass.swift"; sourceTree = "<group>"; };
		3218A06D28D7B98300943B22 /* QuestionData+CoreDataProperties.swift */ = {isa = PBXFileReference; lastKnownFileType = sourcecode.swift; path = "QuestionData+CoreDataProperties.swift"; sourceTree = "<group>"; };
		3244CE6928DA5AED0093A1FB /* WebKitExt.swift */ = {isa = PBXFileReference; lastKnownFileType = sourcecode.swift; path = WebKitExt.swift; sourceTree = "<group>"; };
		3244CE6B28DA5F980093A1FB /* UIImageViewExt.swift */ = {isa = PBXFileReference; lastKnownFileType = sourcecode.swift; path = UIImageViewExt.swift; sourceTree = "<group>"; };
		3259EDD028D8FE1B007BE582 /* Listable Protocol.swift */ = {isa = PBXFileReference; lastKnownFileType = sourcecode.swift; path = "Listable Protocol.swift"; sourceTree = "<group>"; };
		326E49D328D710BF0041E08C /* ServiceProtocol.swift */ = {isa = PBXFileReference; lastKnownFileType = sourcecode.swift; path = ServiceProtocol.swift; sourceTree = "<group>"; };
		326E49D528D714AC0041E08C /* Core Model Protocol.swift */ = {isa = PBXFileReference; lastKnownFileType = sourcecode.swift; path = "Core Model Protocol.swift"; sourceTree = "<group>"; };
		326E49D728D715E90041E08C /* CoreModel.swift */ = {isa = PBXFileReference; lastKnownFileType = sourcecode.swift; path = CoreModel.swift; sourceTree = "<group>"; };
		326E49D928D71E120041E08C /* ParserProtocol.swift */ = {isa = PBXFileReference; lastKnownFileType = sourcecode.swift; path = ParserProtocol.swift; sourceTree = "<group>"; };
		326E49DC28D71F860041E08C /* CoreDataService.swift */ = {isa = PBXFileReference; lastKnownFileType = sourcecode.swift; path = CoreDataService.swift; sourceTree = "<group>"; };
		326E49DF28D7212D0041E08C /* CoreDataModel.xcdatamodel */ = {isa = PBXFileReference; lastKnownFileType = wrapper.xcdatamodel; path = CoreDataModel.xcdatamodel; sourceTree = "<group>"; };
		3285892328D39F6300711F87 /* StackReader.app */ = {isa = PBXFileReference; explicitFileType = wrapper.application; includeInIndex = 0; path = StackReader.app; sourceTree = BUILT_PRODUCTS_DIR; };
		3285892628D39F6300711F87 /* AppDelegate.swift */ = {isa = PBXFileReference; lastKnownFileType = sourcecode.swift; path = AppDelegate.swift; sourceTree = "<group>"; };
		3285892828D39F6300711F87 /* SceneDelegate.swift */ = {isa = PBXFileReference; lastKnownFileType = sourcecode.swift; path = SceneDelegate.swift; sourceTree = "<group>"; };
		3285892A28D39F6300711F87 /* LaunchVC.swift */ = {isa = PBXFileReference; lastKnownFileType = sourcecode.swift; path = LaunchVC.swift; sourceTree = "<group>"; };
		3285892D28D39F6300711F87 /* Base */ = {isa = PBXFileReference; lastKnownFileType = file.storyboard; name = Base; path = Base.lproj/Main.storyboard; sourceTree = "<group>"; };
		3285892F28D39F6500711F87 /* Assets.xcassets */ = {isa = PBXFileReference; lastKnownFileType = folder.assetcatalog; path = Assets.xcassets; sourceTree = "<group>"; };
		3285893228D39F6500711F87 /* Base */ = {isa = PBXFileReference; lastKnownFileType = file.storyboard; name = Base; path = Base.lproj/LaunchScreen.storyboard; sourceTree = "<group>"; };
		3285893428D39F6500711F87 /* Info.plist */ = {isa = PBXFileReference; lastKnownFileType = text.plist.xml; path = Info.plist; sourceTree = "<group>"; };
		3285893B28D3A00700711F87 /* QuestionListVC.swift */ = {isa = PBXFileReference; lastKnownFileType = sourcecode.swift; path = QuestionListVC.swift; sourceTree = "<group>"; };
		3285893D28D3A01600711F87 /* DetailsVC.swift */ = {isa = PBXFileReference; lastKnownFileType = sourcecode.swift; path = DetailsVC.swift; sourceTree = "<group>"; };
		3285894428D3A14F00711F87 /* Coordinator.swift */ = {isa = PBXFileReference; lastKnownFileType = sourcecode.swift; path = Coordinator.swift; sourceTree = "<group>"; };
		3285894628D3A18C00711F87 /* MainCoordinator.swift */ = {isa = PBXFileReference; lastKnownFileType = sourcecode.swift; path = MainCoordinator.swift; sourceTree = "<group>"; };
		3285894828D3A1BC00711F87 /* Stroyboarded.swift */ = {isa = PBXFileReference; lastKnownFileType = sourcecode.swift; path = Stroyboarded.swift; sourceTree = "<group>"; };
		3285894B28D3AB5600711F87 /* QuestionListCell.swift */ = {isa = PBXFileReference; lastKnownFileType = sourcecode.swift; path = QuestionListCell.swift; sourceTree = "<group>"; };
		32CF1C4928D634FA00734089 /* DecodeModel.swift */ = {isa = PBXFileReference; lastKnownFileType = sourcecode.swift; path = DecodeModel.swift; sourceTree = "<group>"; };
/* End PBXFileReference section */

/* Begin PBXFrameworksBuildPhase section */
		3285892028D39F6300711F87 /* Frameworks */ = {
			isa = PBXFrameworksBuildPhase;
			buildActionMask = 2147483647;
			files = (
			);
			runOnlyForDeploymentPostprocessing = 0;
		};
/* End PBXFrameworksBuildPhase section */

/* Begin PBXGroup section */
		320B334F28D632E500BA48D7 /* Services */ = {
			isa = PBXGroup;
			children = (
				3218A07028D7B99500943B22 /* Service Protocols */,
				320B334D28D632E100BA48D7 /* ApiService.swift */,
				326E49DC28D71F860041E08C /* CoreDataService.swift */,
			);
			name = Services;
			path = ../Services;
			sourceTree = "<group>";
		};
		320B335028D632F200BA48D7 /* Helpers */ = {
			isa = PBXGroup;
			children = (
				3218A07128D7B9AE00943B22 /* Protocols */,
				320B334828D632C100BA48D7 /* JsonParser.swift */,
				3218A06428D78BBF00943B22 /* DateConverter.swift */,
				320B334528D632C100BA48D7 /* URLBuilder.swift */,
				3218A06628D792AA00943B22 /* ImageDownloader.swift */,
				3212145328DE58B200007C77 /* Check Varilbles.swift */,
			);
			name = Helpers;
			path = ../Services/Helpers;
			sourceTree = "<group>";
		};
		3217885728DCE47400013B65 /* CoreData */ = {
			isa = PBXGroup;
			children = (
				326E49DE28D7212D0041E08C /* QuestionData.xcdatamodeld */,
				3218A06C28D7B98300943B22 /* QuestionData+CoreDataClass.swift */,
				3218A06D28D7B98300943B22 /* QuestionData+CoreDataProperties.swift */,
			);
			path = CoreData;
			sourceTree = "<group>";
		};
		3218A07028D7B99500943B22 /* Service Protocols */ = {
			isa = PBXGroup;
			children = (
				326E49D328D710BF0041E08C /* ServiceProtocol.swift */,
			);
			path = "Service Protocols";
			sourceTree = "<group>";
		};
		3218A07128D7B9AE00943B22 /* Protocols */ = {
			isa = PBXGroup;
			children = (
				326E49D928D71E120041E08C /* ParserProtocol.swift */,
			);
			path = Protocols;
			sourceTree = "<group>";
		};
		3218A07228D7B9C800943B22 /* Model Protocols */ = {
			isa = PBXGroup;
			children = (
				326E49D528D714AC0041E08C /* Core Model Protocol.swift */,
				3259EDD028D8FE1B007BE582 /* Listable Protocol.swift */,
			);
			path = "Model Protocols";
			sourceTree = "<group>";
		};
		3244CE6828DA5AD40093A1FB /* Extensions */ = {
			isa = PBXGroup;
			children = (
				3244CE6928DA5AED0093A1FB /* WebKitExt.swift */,
				3244CE6B28DA5F980093A1FB /* UIImageViewExt.swift */,
			);
			path = Extensions;
			sourceTree = "<group>";
		};
		326E49DB28D71F4E0041E08C /* Utilities */ = {
			isa = PBXGroup;
			children = (
				320B334628D632C100BA48D7 /* Local Errors.swift */,
			);
			path = Utilities;
			sourceTree = "<group>";
		};
		3285891A28D39F6300711F87 = {
			isa = PBXGroup;
			children = (
				3285892528D39F6300711F87 /* StackReader */,
				3285892428D39F6300711F87 /* Products */,
			);
			sourceTree = "<group>";
		};
		3285892428D39F6300711F87 /* Products */ = {
			isa = PBXGroup;
			children = (
				3285892328D39F6300711F87 /* StackReader.app */,
			);
			name = Products;
			sourceTree = "<group>";
		};
		3285892528D39F6300711F87 /* StackReader */ = {
			isa = PBXGroup;
			children = (
				3217885728DCE47400013B65 /* CoreData */,
				320B335028D632F200BA48D7 /* Helpers */,
				3285894328D3A13700711F87 /* Coordinators */,
				320B334F28D632E500BA48D7 /* Services */,
				3285894028D3A03D00711F87 /* Model */,
				3285893F28D3A03200711F87 /* View */,
				3285894228D3A04E00711F87 /* ViewModel */,
				326E49DB28D71F4E0041E08C /* Utilities */,
				3244CE6828DA5AD40093A1FB /* Extensions */,
				3285892628D39F6300711F87 /* AppDelegate.swift */,
				3285892828D39F6300711F87 /* SceneDelegate.swift */,
				3285892C28D39F6300711F87 /* Main.storyboard */,
				3285892F28D39F6500711F87 /* Assets.xcassets */,
				3285893128D39F6500711F87 /* LaunchScreen.storyboard */,
				3285893428D39F6500711F87 /* Info.plist */,
			);
			path = StackReader;
			sourceTree = "<group>";
		};
		3285893A28D39FDC00711F87 /* ViewController */ = {
			isa = PBXGroup;
			children = (
				3285892A28D39F6300711F87 /* LaunchVC.swift */,
				3285893B28D3A00700711F87 /* QuestionListVC.swift */,
				3285893D28D3A01600711F87 /* DetailsVC.swift */,
			);
			path = ViewController;
			sourceTree = "<group>";
		};
		3285893F28D3A03200711F87 /* View */ = {
			isa = PBXGroup;
			children = (
				3285894A28D3AB3700711F87 /* CustomView */,
				3285893A28D39FDC00711F87 /* ViewController */,
			);
			path = View;
			sourceTree = "<group>";
		};
		3285894028D3A03D00711F87 /* Model */ = {
			isa = PBXGroup;
			children = (
				3218A07228D7B9C800943B22 /* Model Protocols */,
				32CF1C4928D634FA00734089 /* DecodeModel.swift */,
				326E49D728D715E90041E08C /* CoreModel.swift */,
			);
			path = Model;
			sourceTree = "<group>";
		};
		3285894228D3A04E00711F87 /* ViewModel */ = {
			isa = PBXGroup;
			children = (
				3217885528DCDDD900013B65 /* QuestionViewModel.swift */,
			);
			path = ViewModel;
			sourceTree = "<group>";
		};
		3285894328D3A13700711F87 /* Coordinators */ = {
			isa = PBXGroup;
			children = (
				3285894428D3A14F00711F87 /* Coordinator.swift */,
				3285894628D3A18C00711F87 /* MainCoordinator.swift */,
				3285894828D3A1BC00711F87 /* Stroyboarded.swift */,
			);
			path = Coordinators;
			sourceTree = "<group>";
		};
		3285894A28D3AB3700711F87 /* CustomView */ = {
			isa = PBXGroup;
			children = (
				3285894B28D3AB5600711F87 /* QuestionListCell.swift */,
			);
			path = CustomView;
			sourceTree = "<group>";
		};
/* End PBXGroup section */

/* Begin PBXNativeTarget section */
		3285892228D39F6300711F87 /* StackReader */ = {
			isa = PBXNativeTarget;
			buildConfigurationList = 3285893728D39F6500711F87 /* Build configuration list for PBXNativeTarget "StackReader" */;
			buildPhases = (
				3285891F28D39F6300711F87 /* Sources */,
				3285892028D39F6300711F87 /* Frameworks */,
				3285892128D39F6300711F87 /* Resources */,
			);
			buildRules = (
			);
			dependencies = (
			);
			name = StackReader;
			productName = StackReader;
			productReference = 3285892328D39F6300711F87 /* StackReader.app */;
			productType = "com.apple.product-type.application";
		};
/* End PBXNativeTarget section */

/* Begin PBXProject section */
		3285891B28D39F6300711F87 /* Project object */ = {
			isa = PBXProject;
			attributes = {
				BuildIndependentTargetsInParallel = 1;
				LastSwiftUpdateCheck = 1340;
				LastUpgradeCheck = 1340;
				TargetAttributes = {
					3285892228D39F6300711F87 = {
						CreatedOnToolsVersion = 13.4;
					};
				};
			};
			buildConfigurationList = 3285891E28D39F6300711F87 /* Build configuration list for PBXProject "StackReader" */;
			compatibilityVersion = "Xcode 13.0";
			developmentRegion = en;
			hasScannedForEncodings = 0;
			knownRegions = (
				en,
				Base,
			);
			mainGroup = 3285891A28D39F6300711F87;
			productRefGroup = 3285892428D39F6300711F87 /* Products */;
			projectDirPath = "";
			projectRoot = "";
			targets = (
				3285892228D39F6300711F87 /* StackReader */,
			);
		};
/* End PBXProject section */

/* Begin PBXResourcesBuildPhase section */
		3285892128D39F6300711F87 /* Resources */ = {
			isa = PBXResourcesBuildPhase;
			buildActionMask = 2147483647;
			files = (
				3285893328D39F6500711F87 /* LaunchScreen.storyboard in Resources */,
				3285893028D39F6500711F87 /* Assets.xcassets in Resources */,
				3285892E28D39F6300711F87 /* Main.storyboard in Resources */,
			);
			runOnlyForDeploymentPostprocessing = 0;
		};
/* End PBXResourcesBuildPhase section */

/* Begin PBXSourcesBuildPhase section */
		3285891F28D39F6300711F87 /* Sources */ = {
			isa = PBXSourcesBuildPhase;
			buildActionMask = 2147483647;
			files = (
				326E49D428D710BF0041E08C /* ServiceProtocol.swift in Sources */,
				3244CE6C28DA5F980093A1FB /* UIImageViewExt.swift in Sources */,
				320B334E28D632E100BA48D7 /* ApiService.swift in Sources */,
				326E49D828D715E90041E08C /* CoreModel.swift in Sources */,
				320B334928D632C100BA48D7 /* URLBuilder.swift in Sources */,
				3212145428DE58B200007C77 /* Check Varilbles.swift in Sources */,
				320B334A28D632C100BA48D7 /* Local Errors.swift in Sources */,
				320B334C28D632C100BA48D7 /* JsonParser.swift in Sources */,
				3217885628DCDDD900013B65 /* QuestionViewModel.swift in Sources */,
				3218A06728D792AA00943B22 /* ImageDownloader.swift in Sources */,
				3259EDD128D8FE1B007BE582 /* Listable Protocol.swift in Sources */,
				326E49D628D714AC0041E08C /* Core Model Protocol.swift in Sources */,
				3285893C28D3A00700711F87 /* QuestionListVC.swift in Sources */,
				326E49DA28D71E120041E08C /* ParserProtocol.swift in Sources */,
				3285894728D3A18C00711F87 /* MainCoordinator.swift in Sources */,
				3285892B28D39F6300711F87 /* LaunchVC.swift in Sources */,
				3285894C28D3AB5600711F87 /* QuestionListCell.swift in Sources */,
				3218A06E28D7B98300943B22 /* QuestionData+CoreDataClass.swift in Sources */,
				32CF1C4A28D634FA00734089 /* DecodeModel.swift in Sources */,
				326E49DD28D71F860041E08C /* CoreDataService.swift in Sources */,
				3218A06528D78BBF00943B22 /* DateConverter.swift in Sources */,
				326E49E028D7212D0041E08C /* QuestionData.xcdatamodeld in Sources */,
				3244CE6A28DA5AED0093A1FB /* WebKitExt.swift in Sources */,
				3285894528D3A14F00711F87 /* Coordinator.swift in Sources */,
				3285892728D39F6300711F87 /* AppDelegate.swift in Sources */,
				3285892928D39F6300711F87 /* SceneDelegate.swift in Sources */,
				3218A06F28D7B98300943B22 /* QuestionData+CoreDataProperties.swift in Sources */,
				3285893E28D3A01600711F87 /* DetailsVC.swift in Sources */,
				3285894928D3A1BC00711F87 /* Stroyboarded.swift in Sources */,
			);
			runOnlyForDeploymentPostprocessing = 0;
		};
/* End PBXSourcesBuildPhase section */

/* Begin PBXVariantGroup section */
		3285892C28D39F6300711F87 /* Main.storyboard */ = {
			isa = PBXVariantGroup;
			children = (
				3285892D28D39F6300711F87 /* Base */,
			);
			name = Main.storyboard;
			sourceTree = "<group>";
		};
		3285893128D39F6500711F87 /* LaunchScreen.storyboard */ = {
			isa = PBXVariantGroup;
			children = (
				3285893228D39F6500711F87 /* Base */,
			);
			name = LaunchScreen.storyboard;
			sourceTree = "<group>";
		};
/* End PBXVariantGroup section */

/* Begin XCBuildConfiguration section */
		3285893528D39F6500711F87 /* Debug */ = {
			isa = XCBuildConfiguration;
			buildSettings = {
				ALWAYS_SEARCH_USER_PATHS = NO;
				CLANG_ANALYZER_NONNULL = YES;
				CLANG_ANALYZER_NUMBER_OBJECT_CONVERSION = YES_AGGRESSIVE;
				CLANG_CXX_LANGUAGE_STANDARD = "gnu++17";
				CLANG_ENABLE_MODULES = YES;
				CLANG_ENABLE_OBJC_ARC = YES;
				CLANG_ENABLE_OBJC_WEAK = YES;
				CLANG_WARN_BLOCK_CAPTURE_AUTORELEASING = YES;
				CLANG_WARN_BOOL_CONVERSION = YES;
				CLANG_WARN_COMMA = YES;
				CLANG_WARN_CONSTANT_CONVERSION = YES;
				CLANG_WARN_DEPRECATED_OBJC_IMPLEMENTATIONS = YES;
				CLANG_WARN_DIRECT_OBJC_ISA_USAGE = YES_ERROR;
				CLANG_WARN_DOCUMENTATION_COMMENTS = YES;
				CLANG_WARN_EMPTY_BODY = YES;
				CLANG_WARN_ENUM_CONVERSION = YES;
				CLANG_WARN_INFINITE_RECURSION = YES;
				CLANG_WARN_INT_CONVERSION = YES;
				CLANG_WARN_NON_LITERAL_NULL_CONVERSION = YES;
				CLANG_WARN_OBJC_IMPLICIT_RETAIN_SELF = YES;
				CLANG_WARN_OBJC_LITERAL_CONVERSION = YES;
				CLANG_WARN_OBJC_ROOT_CLASS = YES_ERROR;
				CLANG_WARN_QUOTED_INCLUDE_IN_FRAMEWORK_HEADER = YES;
				CLANG_WARN_RANGE_LOOP_ANALYSIS = YES;
				CLANG_WARN_STRICT_PROTOTYPES = YES;
				CLANG_WARN_SUSPICIOUS_MOVE = YES;
				CLANG_WARN_UNGUARDED_AVAILABILITY = YES_AGGRESSIVE;
				CLANG_WARN_UNREACHABLE_CODE = YES;
				CLANG_WARN__DUPLICATE_METHOD_MATCH = YES;
				COPY_PHASE_STRIP = NO;
				DEBUG_INFORMATION_FORMAT = dwarf;
				ENABLE_STRICT_OBJC_MSGSEND = YES;
				ENABLE_TESTABILITY = YES;
				GCC_C_LANGUAGE_STANDARD = gnu11;
				GCC_DYNAMIC_NO_PIC = NO;
				GCC_NO_COMMON_BLOCKS = YES;
				GCC_OPTIMIZATION_LEVEL = 0;
				GCC_PREPROCESSOR_DEFINITIONS = (
					"DEBUG=1",
					"$(inherited)",
				);
				GCC_WARN_64_TO_32_BIT_CONVERSION = YES;
				GCC_WARN_ABOUT_RETURN_TYPE = YES_ERROR;
				GCC_WARN_UNDECLARED_SELECTOR = YES;
				GCC_WARN_UNINITIALIZED_AUTOS = YES_AGGRESSIVE;
				GCC_WARN_UNUSED_FUNCTION = YES;
				GCC_WARN_UNUSED_VARIABLE = YES;
				IPHONEOS_DEPLOYMENT_TARGET = 15.4;
				MTL_ENABLE_DEBUG_INFO = INCLUDE_SOURCE;
				MTL_FAST_MATH = YES;
				ONLY_ACTIVE_ARCH = YES;
				SDKROOT = iphoneos;
				SWIFT_ACTIVE_COMPILATION_CONDITIONS = DEBUG;
				SWIFT_OPTIMIZATION_LEVEL = "-Onone";
			};
			name = Debug;
		};
		3285893628D39F6500711F87 /* Release */ = {
			isa = XCBuildConfiguration;
			buildSettings = {
				ALWAYS_SEARCH_USER_PATHS = NO;
				CLANG_ANALYZER_NONNULL = YES;
				CLANG_ANALYZER_NUMBER_OBJECT_CONVERSION = YES_AGGRESSIVE;
				CLANG_CXX_LANGUAGE_STANDARD = "gnu++17";
				CLANG_ENABLE_MODULES = YES;
				CLANG_ENABLE_OBJC_ARC = YES;
				CLANG_ENABLE_OBJC_WEAK = YES;
				CLANG_WARN_BLOCK_CAPTURE_AUTORELEASING = YES;
				CLANG_WARN_BOOL_CONVERSION = YES;
				CLANG_WARN_COMMA = YES;
				CLANG_WARN_CONSTANT_CONVERSION = YES;
				CLANG_WARN_DEPRECATED_OBJC_IMPLEMENTATIONS = YES;
				CLANG_WARN_DIRECT_OBJC_ISA_USAGE = YES_ERROR;
				CLANG_WARN_DOCUMENTATION_COMMENTS = YES;
				CLANG_WARN_EMPTY_BODY = YES;
				CLANG_WARN_ENUM_CONVERSION = YES;
				CLANG_WARN_INFINITE_RECURSION = YES;
				CLANG_WARN_INT_CONVERSION = YES;
				CLANG_WARN_NON_LITERAL_NULL_CONVERSION = YES;
				CLANG_WARN_OBJC_IMPLICIT_RETAIN_SELF = YES;
				CLANG_WARN_OBJC_LITERAL_CONVERSION = YES;
				CLANG_WARN_OBJC_ROOT_CLASS = YES_ERROR;
				CLANG_WARN_QUOTED_INCLUDE_IN_FRAMEWORK_HEADER = YES;
				CLANG_WARN_RANGE_LOOP_ANALYSIS = YES;
				CLANG_WARN_STRICT_PROTOTYPES = YES;
				CLANG_WARN_SUSPICIOUS_MOVE = YES;
				CLANG_WARN_UNGUARDED_AVAILABILITY = YES_AGGRESSIVE;
				CLANG_WARN_UNREACHABLE_CODE = YES;
				CLANG_WARN__DUPLICATE_METHOD_MATCH = YES;
				COPY_PHASE_STRIP = NO;
				DEBUG_INFORMATION_FORMAT = "dwarf-with-dsym";
				ENABLE_NS_ASSERTIONS = NO;
				ENABLE_STRICT_OBJC_MSGSEND = YES;
				GCC_C_LANGUAGE_STANDARD = gnu11;
				GCC_NO_COMMON_BLOCKS = YES;
				GCC_WARN_64_TO_32_BIT_CONVERSION = YES;
				GCC_WARN_ABOUT_RETURN_TYPE = YES_ERROR;
				GCC_WARN_UNDECLARED_SELECTOR = YES;
				GCC_WARN_UNINITIALIZED_AUTOS = YES_AGGRESSIVE;
				GCC_WARN_UNUSED_FUNCTION = YES;
				GCC_WARN_UNUSED_VARIABLE = YES;
				IPHONEOS_DEPLOYMENT_TARGET = 15.4;
				MTL_ENABLE_DEBUG_INFO = NO;
				MTL_FAST_MATH = YES;
				SDKROOT = iphoneos;
				SWIFT_COMPILATION_MODE = wholemodule;
				SWIFT_OPTIMIZATION_LEVEL = "-O";
				VALIDATE_PRODUCT = YES;
			};
			name = Release;
		};
		3285893828D39F6500711F87 /* Debug */ = {
			isa = XCBuildConfiguration;
			buildSettings = {
				ASSETCATALOG_COMPILER_APPICON_NAME = AppIcon;
				ASSETCATALOG_COMPILER_GLOBAL_ACCENT_COLOR_NAME = AccentColor;
				CODE_SIGN_STYLE = Automatic;
				CURRENT_PROJECT_VERSION = 1;
				DEVELOPMENT_TEAM = DK47ZGQX9C;
				GENERATE_INFOPLIST_FILE = YES;
				INFOPLIST_FILE = StackReader/Info.plist;
				INFOPLIST_KEY_UIApplicationSupportsIndirectInputEvents = YES;
				INFOPLIST_KEY_UILaunchStoryboardName = LaunchScreen;
				INFOPLIST_KEY_UIMainStoryboardFile = Main;
				INFOPLIST_KEY_UISupportedInterfaceOrientations_iPad = "UIInterfaceOrientationPortrait UIInterfaceOrientationPortraitUpsideDown UIInterfaceOrientationLandscapeLeft UIInterfaceOrientationLandscapeRight";
				INFOPLIST_KEY_UISupportedInterfaceOrientations_iPhone = "UIInterfaceOrientationPortrait UIInterfaceOrientationLandscapeLeft UIInterfaceOrientationLandscapeRight";
				LD_RUNPATH_SEARCH_PATHS = (
					"$(inherited)",
					"@executable_path/Frameworks",
				);
				MARKETING_VERSION = 1.0;
				PRODUCT_BUNDLE_IDENTIFIER = com.yusufkeskin.StackReader;
				PRODUCT_NAME = "$(TARGET_NAME)";
				SWIFT_EMIT_LOC_STRINGS = YES;
				SWIFT_VERSION = 5.0;
				TARGETED_DEVICE_FAMILY = "1,2";
			};
			name = Debug;
		};
		3285893928D39F6500711F87 /* Release */ = {
			isa = XCBuildConfiguration;
			buildSettings = {
				ASSETCATALOG_COMPILER_APPICON_NAME = AppIcon;
				ASSETCATALOG_COMPILER_GLOBAL_ACCENT_COLOR_NAME = AccentColor;
				CODE_SIGN_STYLE = Automatic;
				CURRENT_PROJECT_VERSION = 1;
				DEVELOPMENT_TEAM = DK47ZGQX9C;
				GENERATE_INFOPLIST_FILE = YES;
				INFOPLIST_FILE = StackReader/Info.plist;
				INFOPLIST_KEY_UIApplicationSupportsIndirectInputEvents = YES;
				INFOPLIST_KEY_UILaunchStoryboardName = LaunchScreen;
				INFOPLIST_KEY_UIMainStoryboardFile = Main;
				INFOPLIST_KEY_UISupportedInterfaceOrientations_iPad = "UIInterfaceOrientationPortrait UIInterfaceOrientationPortraitUpsideDown UIInterfaceOrientationLandscapeLeft UIInterfaceOrientationLandscapeRight";
				INFOPLIST_KEY_UISupportedInterfaceOrientations_iPhone = "UIInterfaceOrientationPortrait UIInterfaceOrientationLandscapeLeft UIInterfaceOrientationLandscapeRight";
				LD_RUNPATH_SEARCH_PATHS = (
					"$(inherited)",
					"@executable_path/Frameworks",
				);
				MARKETING_VERSION = 1.0;
				PRODUCT_BUNDLE_IDENTIFIER = com.yusufkeskin.StackReader;
				PRODUCT_NAME = "$(TARGET_NAME)";
				SWIFT_EMIT_LOC_STRINGS = YES;
				SWIFT_VERSION = 5.0;
				TARGETED_DEVICE_FAMILY = "1,2";
			};
			name = Release;
		};
/* End XCBuildConfiguration section */

/* Begin XCConfigurationList section */
		3285891E28D39F6300711F87 /* Build configuration list for PBXProject "StackReader" */ = {
			isa = XCConfigurationList;
			buildConfigurations = (
				3285893528D39F6500711F87 /* Debug */,
				3285893628D39F6500711F87 /* Release */,
			);
			defaultConfigurationIsVisible = 0;
			defaultConfigurationName = Release;
		};
		3285893728D39F6500711F87 /* Build configuration list for PBXNativeTarget "StackReader" */ = {
			isa = XCConfigurationList;
			buildConfigurations = (
				3285893828D39F6500711F87 /* Debug */,
				3285893928D39F6500711F87 /* Release */,
			);
			defaultConfigurationIsVisible = 0;
			defaultConfigurationName = Release;
		};
/* End XCConfigurationList section */

/* Begin XCVersionGroup section */
		326E49DE28D7212D0041E08C /* QuestionData.xcdatamodeld */ = {
			isa = XCVersionGroup;
			children = (
				326E49DF28D7212D0041E08C /* CoreDataModel.xcdatamodel */,
			);
			currentVersion = 326E49DF28D7212D0041E08C /* CoreDataModel.xcdatamodel */;
			path = QuestionData.xcdatamodeld;
			sourceTree = "<group>";
			versionGroupType = wrapper.xcdatamodel;
		};
/* End XCVersionGroup section */
	};
	rootObject = 3285891B28D39F6300711F87 /* Project object */;
}
